
Microsoft Visual Studio Solution File, Format Version 12.00
# Visual Studio Version 16
VisualStudioVersion = 16.0.30804.86
MinimumVisualStudioVersion = 10.0.40219.1
Project("{FAE04EC0-301F-11D3-BF4B-00C04F79EFBC}") = "ConsoleVideoPlayer.Player", "ConsoleVideoPlayer.Player\ConsoleVideoPlayer.Player.csproj", "{53C71F7D-1E7E-4418-B994-C877D525025E}"
EndProject
Project("{F2A71F9B-5D33-465A-A702-920D77279786}") = "ConsoleVideoPlayer.MediaProcessor", "ConsoleVideoPlayer.MediaProcessor\ConsoleVideoPlayer.MediaProcessor.fsproj", "{AD855A71-2AB5-4E63-8EF6-CC018B204A28}"
EndProject
Global
	GlobalSection(SolutionConfigurationPlatforms) = preSolution
		Debug|Any CPU = Debug|Any CPU
		Release|Any CPU = Release|Any CPU
	EndGlobalSection
	GlobalSection(ProjectConfigurationPlatforms) = postSolution
		{53C71F7D-1E7E-4418-B994-C877D525025E}.Debug|Any CPU.ActiveCfg = Debug|Any CPU
		{53C71F7D-1E7E-4418-B994-C877D525025E}.Debug|Any CPU.Build.0 = Debug|Any CPU
		{53C71F7D-1E7E-4418-B994-C877D525025E}.Release|Any CPU.ActiveCfg = Release|Any CPU
		{53C71F7D-1E7E-4418-B994-C877D525025E}.Release|Any CPU.Build.0 = Release|Any CPU
		{AD855A71-2AB5-4E63-8EF6-CC018B204A28}.Debug|Any CPU.ActiveCfg = Debug|Any CPU
		{AD855A71-2AB5-4E63-8EF6-CC018B204A28}.Debug|Any CPU.Build.0 = Debug|Any CPU
		{AD855A71-2AB5-4E63-8EF6-CC018B204A28}.Release|Any CPU.ActiveCfg = Release|Any CPU
		{AD855A71-2AB5-4E63-8EF6-CC018B204A28}.Release|Any CPU.Build.0 = Release|Any CPU
	EndGlobalSection
	GlobalSection(SolutionProperties) = preSolution
		HideSolutionNode = FALSE
	EndGlobalSection
	GlobalSection(ExtensibilityGlobals) = postSolution
		SolutionGuid = {5508CFDC-2797-4B74-A4A7-94D6E61E72C3}
	EndGlobalSection
EndGlobal
